
Microsoft Visual Studio Solution File, Format Version 12.00
# Visual Studio Version 17
VisualStudioVersion = 17.14.36915.13
MinimumVisualStudioVersion = 10.0.40219.1
Project("{8BC9CEB8-8B4A-11D0-8D11-00A0C91BC942}") = "Engine1", "Engine\Engine.vcxproj", "{AAF32F83-4E9F-4A00-990C-00BD48F6B409}"
EndProject
Project("{8BC9CEB8-8B4A-11D0-8D11-00A0C91BC942}") = "Wanted_Game", "Wanted_Game\Wanted_Game.vcxproj", "{6BAA0C4C-C2C0-4BB4-A9F0-9F74F0935D12}"
	ProjectSection(ProjectDependencies) = postProject
		{AAF32F83-4E9F-4A00-990C-00BD48F6B409} = {AAF32F83-4E9F-4A00-990C-00BD48F6B409}
	EndProjectSection
EndProject
Global
	GlobalSection(SolutionConfigurationPlatforms) = preSolution
		Debug|x64 = Debug|x64
		Release|x64 = Release|x64
	EndGlobalSection
	GlobalSection(ProjectConfigurationPlatforms) = postSolution
		{AAF32F83-4E9F-4A00-990C-00BD48F6B409}.Debug|x64.ActiveCfg = Debug|x64
		{AAF32F83-4E9F-4A00-990C-00BD48F6B409}.Debug|x64.Build.0 = Debug|x64
		{AAF32F83-4E9F-4A00-990C-00BD48F6B409}.Release|x64.ActiveCfg = Release|x64
		{AAF32F83-4E9F-4A00-990C-00BD48F6B409}.Release|x64.Build.0 = Release|x64
		{6BAA0C4C-C2C0-4BB4-A9F0-9F74F0935D12}.Debug|x64.ActiveCfg = Debug|x64
		{6BAA0C4C-C2C0-4BB4-A9F0-9F74F0935D12}.Debug|x64.Build.0 = Debug|x64
		{6BAA0C4C-C2C0-4BB4-A9F0-9F74F0935D12}.Release|x64.ActiveCfg = Release|x64
		{6BAA0C4C-C2C0-4BB4-A9F0-9F74F0935D12}.Release|x64.Build.0 = Release|x64
	EndGlobalSection
	GlobalSection(SolutionProperties) = preSolution
		HideSolutionNode = FALSE
	EndGlobalSection
	GlobalSection(ExtensibilityGlobals) = postSolution
		SolutionGuid = {C86DA766-E480-4A01-883C-8E517FE65649}
	EndGlobalSection
EndGlobal
